
Microsoft Visual Studio Solution File, Format Version 12.00
# Visual Studio Version 17
VisualStudioVersion = 17.13.35818.85 d17.13
MinimumVisualStudioVersion = 10.0.40219.1
Project("{FAE04EC0-301F-11D3-BF4B-00C04F79EFBC}") = "ShortestPathAlgorithms", "ShortestPathAlgorithms\ShortestPathAlgorithms.csproj", "{9670994B-B75F-4FC8-8BEE-962806601F91}"
EndProject
Global
	GlobalSection(SolutionConfigurationPlatforms) = preSolution
		Debug|Any CPU = Debug|Any CPU
		Release|Any CPU = Release|Any CPU
	EndGlobalSection
	GlobalSection(ProjectConfigurationPlatforms) = postSolution
		{9670994B-B75F-4FC8-8BEE-962806601F91}.Debug|Any CPU.ActiveCfg = Debug|Any CPU
		{9670994B-B75F-4FC8-8BEE-962806601F91}.Debug|Any CPU.Build.0 = Debug|Any CPU
		{9670994B-B75F-4FC8-8BEE-962806601F91}.Release|Any CPU.ActiveCfg = Release|Any CPU
		{9670994B-B75F-4FC8-8BEE-962806601F91}.Release|Any CPU.Build.0 = Release|Any CPU
	EndGlobalSection
	GlobalSection(SolutionProperties) = preSolution
		HideSolutionNode = FALSE
	EndGlobalSection
	GlobalSection(ExtensibilityGlobals) = postSolution
		SolutionGuid = {31B6A5A7-FABD-422C-ABDD-ECA0D102D321}
	EndGlobalSection
EndGlobal
